{
  "version": 4,
  "terraform_version": "1.2.4",
  "serial": 48,
  "lineage": "b9fb9e5b-d9a5-08c4-c19f-fde05b034a37",
  "outputs": {},
  "resources": [
    {
      "mode": "managed",
      "type": "google_sql_database",
      "name": "postgresql_db",
      "provider": "provider[\"registry.terraform.io/hashicorp/google\"]",
      "instances": []
    },
    {
      "mode": "managed",
      "type": "google_sql_user",
      "name": "postgresql_user",
      "provider": "provider[\"registry.terraform.io/hashicorp/google\"]",
      "instances": []
    },
    {
      "mode": "managed",
      "type": "random_id",
      "name": "user_password",
      "provider": "provider[\"registry.terraform.io/hashicorp/random\"]",
      "instances": [
        {
          "schema_version": 0,
          "attributes": {
            "b64_std": "IvTqU1oIjRc=",
            "b64_url": "IvTqU1oIjRc",
            "byte_length": 8,
            "dec": "2518895735320644887",
            "hex": "22f4ea535a088d17",
            "id": "IvTqU1oIjRc",
            "keepers": null,
            "prefix": null
          },
          "sensitive_attributes": [],
          "private": "bnVsbA=="
        }
      ]
    }
  ]
}
